
Microsoft Visual Studio Solution File, Format Version 12.00
# Visual Studio Version 17
VisualStudioVersion = 17.6.33723.286
MinimumVisualStudioVersion = 10.0.40219.1
Project("{8BC9CEB8-8B4A-11D0-8D11-00A0C91BC942}") = "QJS", "QJS\QJS.vcxproj", "{FEFB5306-14AA-4656-BA88-EE91B49B669A}"
EndProject
Project("{8BC9CEB8-8B4A-11D0-8D11-00A0C91BC942}") = "TestQJS", "TestQJS\TestQJS.vcxproj", "{A8C77A1F-DA3A-4B3E-96F2-BF085563F206}"
	ProjectSection(ProjectDependencies) = postProject
		{8396AAA0-C86D-495C-80B6-76182A177503} = {8396AAA0-C86D-495C-80B6-76182A177503}
		{976AA2CB-5399-4FC5-98DB-FEDA82577131} = {976AA2CB-5399-4FC5-98DB-FEDA82577131}
		{D83F78B2-2EC4-412C-97E1-050BB144974E} = {D83F78B2-2EC4-412C-97E1-050BB144974E}
		{E4BE0AB8-BCFD-4695-955A-D1425ADA5F73} = {E4BE0AB8-BCFD-4695-955A-D1425ADA5F73}
		{F3B9D326-4903-4C42-A154-3482E1C9E070} = {F3B9D326-4903-4C42-A154-3482E1C9E070}
		{FEFB5306-14AA-4656-BA88-EE91B49B669A} = {FEFB5306-14AA-4656-BA88-EE91B49B669A}
	EndProjectSection
EndProject
Project("{8BC9CEB8-8B4A-11D0-8D11-00A0C91BC942}") = "Test", "Test\Test.vcxproj", "{52202A81-0DDD-4A05-8E05-05FF7E3497E8}"
	ProjectSection(ProjectDependencies) = postProject
		{8396AAA0-C86D-495C-80B6-76182A177503} = {8396AAA0-C86D-495C-80B6-76182A177503}
		{976AA2CB-5399-4FC5-98DB-FEDA82577131} = {976AA2CB-5399-4FC5-98DB-FEDA82577131}
		{D83F78B2-2EC4-412C-97E1-050BB144974E} = {D83F78B2-2EC4-412C-97E1-050BB144974E}
		{D86E914E-23C6-418D-95E4-30EC8DC28F0B} = {D86E914E-23C6-418D-95E4-30EC8DC28F0B}
		{E4BE0AB8-BCFD-4695-955A-D1425ADA5F73} = {E4BE0AB8-BCFD-4695-955A-D1425ADA5F73}
		{F3B9D326-4903-4C42-A154-3482E1C9E070} = {F3B9D326-4903-4C42-A154-3482E1C9E070}
		{FEFB5306-14AA-4656-BA88-EE91B49B669A} = {FEFB5306-14AA-4656-BA88-EE91B49B669A}
	EndProjectSection
EndProject
Project("{8BC9CEB8-8B4A-11D0-8D11-00A0C91BC942}") = "SampleExtend", "SampleExtend\SampleExtend.vcxproj", "{D83F78B2-2EC4-412C-97E1-050BB144974E}"
EndProject
Project("{2150E333-8FDC-42A3-9474-1A3956D46DE8}") = "JsExtends", "JsExtends", "{F8F1234A-8AE5-41A9-AD82-5D297D16FC93}"
EndProject
Project("{8BC9CEB8-8B4A-11D0-8D11-00A0C91BC942}") = "JsExtendPath", "JsExtends\JsExtendPath\JsExtendPath.vcxproj", "{E4BE0AB8-BCFD-4695-955A-D1425ADA5F73}"
EndProject
Project("{8BC9CEB8-8B4A-11D0-8D11-00A0C91BC942}") = "JsExtendReg", "JsExtends\JsExtendReg\JsExtendReg.vcxproj", "{8396AAA0-C86D-495C-80B6-76182A177503}"
EndProject
Project("{8BC9CEB8-8B4A-11D0-8D11-00A0C91BC942}") = "JsExtendFile", "JsExtends\JsExtendFile\JsExtendFile.vcxproj", "{976AA2CB-5399-4FC5-98DB-FEDA82577131}"
	ProjectSection(ProjectDependencies) = postProject
		{0C357242-7993-4722-8392-B51869DD0F9A} = {0C357242-7993-4722-8392-B51869DD0F9A}
	EndProjectSection
EndProject
Project("{8BC9CEB8-8B4A-11D0-8D11-00A0C91BC942}") = "JsExtendBase", "JsExtends\JsExtendBase\JsExtendBase.vcxproj", "{F3B9D326-4903-4C42-A154-3482E1C9E070}"
EndProject
Project("{8BC9CEB8-8B4A-11D0-8D11-00A0C91BC942}") = "JsExtendDebugger", "JsExtends\JsExtendDebugger\JsExtendDebugger.vcxproj", "{D86E914E-23C6-418D-95E4-30EC8DC28F0B}"
EndProject
Project("{2150E333-8FDC-42A3-9474-1A3956D46DE8}") = "StringConvert", "StringConvert", "{E6919369-B64F-421A-999E-C7AE1C8FDC33}"
EndProject
Project("{8BC9CEB8-8B4A-11D0-8D11-00A0C91BC942}") = "libuchardet", "3RD\StringConvert\StringConvert\libuchardet.vcxproj", "{67823333-1B5B-3D99-808E-0580E46F7D96}"
EndProject
Project("{8BC9CEB8-8B4A-11D0-8D11-00A0C91BC942}") = "StringConvert", "3RD\StringConvert\StringConvert\StringConvert.vcxproj", "{0C357242-7993-4722-8392-B51869DD0F9A}"
	ProjectSection(ProjectDependencies) = postProject
		{67823333-1B5B-3D99-808E-0580E46F7D96} = {67823333-1B5B-3D99-808E-0580E46F7D96}
	EndProjectSection
EndProject
Project("{2150E333-8FDC-42A3-9474-1A3956D46DE8}") = "CSharp", "CSharp", "{B60F51BF-E1E5-4431-ACA2-9CAF814C9AF4}"
EndProject
Project("{FAE04EC0-301F-11D3-BF4B-00C04F79EFBC}") = "QJSharpTest", "CSharp\QJSharpTest\QJSharpTest.csproj", "{40967D14-DCA6-4C71-A3D4-B3434F526511}"
EndProject
Project("{FAE04EC0-301F-11D3-BF4B-00C04F79EFBC}") = "QJSharp.framework.Test", "CSharp\QJSharp.framework.Test\QJSharp.framework.Test.csproj", "{0A9A6942-2221-4F30-B796-AB25016000A0}"
EndProject
Project("{2150E333-8FDC-42A3-9474-1A3956D46DE8}") = "Tests", "Tests", "{D8E8B730-302A-4BCC-92F1-C54B9C21AEFF}"
EndProject
Project("{FAE04EC0-301F-11D3-BF4B-00C04F79EFBC}") = "QJSharp.framework30", "CSharp\QJSharp.framework30\QJSharp.framework30.csproj", "{FAE63708-9EDB-4391-82BE-3D6C13CD184A}"
EndProject
Project("{FAE04EC0-301F-11D3-BF4B-00C04F79EFBC}") = "QJSharp.framework40", "CSharp\QJSharp.framework40\QJSharp.framework40.csproj", "{E212BF06-E6A1-4E40-8797-F951FDA82F1C}"
EndProject
Project("{FAE04EC0-301F-11D3-BF4B-00C04F79EFBC}") = "QJSharp.framework45", "CSharp\QJSharp.framework45\QJSharp.framework45.csproj", "{202B51BF-6FDE-4E5F-B8F5-6AA2643FB792}"
EndProject
Project("{FAE04EC0-301F-11D3-BF4B-00C04F79EFBC}") = "QJSharp.framework46", "CSharp\QJSharp.framework46\QJSharp.framework46.csproj", "{B3ABDC9C-3143-4E76-8D0F-A5DAEB7B4DA9}"
EndProject
Project("{FAE04EC0-301F-11D3-BF4B-00C04F79EFBC}") = "QJSharp.framework47", "CSharp\QJSharp.framework47\QJSharp.framework47.csproj", "{88BB27DD-7686-4AFD-A217-143226679BAC}"
EndProject
Project("{FAE04EC0-301F-11D3-BF4B-00C04F79EFBC}") = "QJSharp.framework48", "CSharp\QJSharp.framework48\QJSharp.framework48.csproj", "{A8655F4E-606D-46CC-B612-54DE0D060143}"
EndProject
Project("{FAE04EC0-301F-11D3-BF4B-00C04F79EFBC}") = "QJSharp.framework35", "CSharp\QJSharp.framework35\QJSharp.framework35.csproj", "{28F41B0A-8F73-434F-A751-4A92009B108E}"
EndProject
Project("{FAE04EC0-301F-11D3-BF4B-00C04F79EFBC}") = "QJSharp.netstandard", "CSharp\QJSharp.netstandard\QJSharp.netstandard.csproj", "{CE1DE09B-49A8-4BE8-918D-E12471D01915}"
EndProject
Project("{FAE04EC0-301F-11D3-BF4B-00C04F79EFBC}") = "QJSharp.framework20", "CSharp\QJSharp.framework20\QJSharp.framework20.csproj", "{2DA2F5F0-E397-4253-8CBE-A2C626DAC4DF}"
EndProject
Global
	GlobalSection(SolutionConfigurationPlatforms) = preSolution
		Debug|Any CPU = Debug|Any CPU
		Debug|x64 = Debug|x64
		Debug|x86 = Debug|x86
		Release|Any CPU = Release|Any CPU
		Release|x64 = Release|x64
		Release|x86 = Release|x86
	EndGlobalSection
	GlobalSection(ProjectConfigurationPlatforms) = postSolution
		{FEFB5306-14AA-4656-BA88-EE91B49B669A}.Debug|Any CPU.ActiveCfg = Debug|x64
		{FEFB5306-14AA-4656-BA88-EE91B49B669A}.Debug|Any CPU.Build.0 = Debug|x64
		{FEFB5306-14AA-4656-BA88-EE91B49B669A}.Debug|x64.ActiveCfg = Debug|x64
		{FEFB5306-14AA-4656-BA88-EE91B49B669A}.Debug|x64.Build.0 = Debug|x64
		{FEFB5306-14AA-4656-BA88-EE91B49B669A}.Debug|x86.ActiveCfg = Debug|Win32
		{FEFB5306-14AA-4656-BA88-EE91B49B669A}.Debug|x86.Build.0 = Debug|Win32
		{FEFB5306-14AA-4656-BA88-EE91B49B669A}.Release|Any CPU.ActiveCfg = Release|x64
		{FEFB5306-14AA-4656-BA88-EE91B49B669A}.Release|Any CPU.Build.0 = Release|x64
		{FEFB5306-14AA-4656-BA88-EE91B49B669A}.Release|x64.ActiveCfg = Release|x64
		{FEFB5306-14AA-4656-BA88-EE91B49B669A}.Release|x64.Build.0 = Release|x64
		{FEFB5306-14AA-4656-BA88-EE91B49B669A}.Release|x86.ActiveCfg = Release|Win32
		{FEFB5306-14AA-4656-BA88-EE91B49B669A}.Release|x86.Build.0 = Release|Win32
		{A8C77A1F-DA3A-4B3E-96F2-BF085563F206}.Debug|Any CPU.ActiveCfg = Debug|x64
		{A8C77A1F-DA3A-4B3E-96F2-BF085563F206}.Debug|Any CPU.Build.0 = Debug|x64
		{A8C77A1F-DA3A-4B3E-96F2-BF085563F206}.Debug|x64.ActiveCfg = Debug|x64
		{A8C77A1F-DA3A-4B3E-96F2-BF085563F206}.Debug|x64.Build.0 = Debug|x64
		{A8C77A1F-DA3A-4B3E-96F2-BF085563F206}.Debug|x86.ActiveCfg = Debug|Win32
		{A8C77A1F-DA3A-4B3E-96F2-BF085563F206}.Debug|x86.Build.0 = Debug|Win32
		{A8C77A1F-DA3A-4B3E-96F2-BF085563F206}.Release|Any CPU.ActiveCfg = Release|x64
		{A8C77A1F-DA3A-4B3E-96F2-BF085563F206}.Release|Any CPU.Build.0 = Release|x64
		{A8C77A1F-DA3A-4B3E-96F2-BF085563F206}.Release|x64.ActiveCfg = Release|x64
		{A8C77A1F-DA3A-4B3E-96F2-BF085563F206}.Release|x64.Build.0 = Release|x64
		{A8C77A1F-DA3A-4B3E-96F2-BF085563F206}.Release|x86.ActiveCfg = Release|Win32
		{A8C77A1F-DA3A-4B3E-96F2-BF085563F206}.Release|x86.Build.0 = Release|Win32
		{52202A81-0DDD-4A05-8E05-05FF7E3497E8}.Debug|Any CPU.ActiveCfg = Debug|x64
		{52202A81-0DDD-4A05-8E05-05FF7E3497E8}.Debug|Any CPU.Build.0 = Debug|x64
		{52202A81-0DDD-4A05-8E05-05FF7E3497E8}.Debug|x64.ActiveCfg = Debug|x64
		{52202A81-0DDD-4A05-8E05-05FF7E3497E8}.Debug|x64.Build.0 = Debug|x64
		{52202A81-0DDD-4A05-8E05-05FF7E3497E8}.Debug|x86.ActiveCfg = Debug|Win32
		{52202A81-0DDD-4A05-8E05-05FF7E3497E8}.Debug|x86.Build.0 = Debug|Win32
		{52202A81-0DDD-4A05-8E05-05FF7E3497E8}.Release|Any CPU.ActiveCfg = Release|x64
		{52202A81-0DDD-4A05-8E05-05FF7E3497E8}.Release|Any CPU.Build.0 = Release|x64
		{52202A81-0DDD-4A05-8E05-05FF7E3497E8}.Release|x64.ActiveCfg = Release|x64
		{52202A81-0DDD-4A05-8E05-05FF7E3497E8}.Release|x64.Build.0 = Release|x64
		{52202A81-0DDD-4A05-8E05-05FF7E3497E8}.Release|x86.ActiveCfg = Release|Win32
		{52202A81-0DDD-4A05-8E05-05FF7E3497E8}.Release|x86.Build.0 = Release|Win32
		{D83F78B2-2EC4-412C-97E1-050BB144974E}.Debug|Any CPU.ActiveCfg = Debug|x64
		{D83F78B2-2EC4-412C-97E1-050BB144974E}.Debug|Any CPU.Build.0 = Debug|x64
		{D83F78B2-2EC4-412C-97E1-050BB144974E}.Debug|x64.ActiveCfg = Debug|x64
		{D83F78B2-2EC4-412C-97E1-050BB144974E}.Debug|x64.Build.0 = Debug|x64
		{D83F78B2-2EC4-412C-97E1-050BB144974E}.Debug|x86.ActiveCfg = Debug|Win32
		{D83F78B2-2EC4-412C-97E1-050BB144974E}.Debug|x86.Build.0 = Debug|Win32
		{D83F78B2-2EC4-412C-97E1-050BB144974E}.Release|Any CPU.ActiveCfg = Release|x64
		{D83F78B2-2EC4-412C-97E1-050BB144974E}.Release|Any CPU.Build.0 = Release|x64
		{D83F78B2-2EC4-412C-97E1-050BB144974E}.Release|x64.ActiveCfg = Release|x64
		{D83F78B2-2EC4-412C-97E1-050BB144974E}.Release|x64.Build.0 = Release|x64
		{D83F78B2-2EC4-412C-97E1-050BB144974E}.Release|x86.ActiveCfg = Release|Win32
		{D83F78B2-2EC4-412C-97E1-050BB144974E}.Release|x86.Build.0 = Release|Win32
		{E4BE0AB8-BCFD-4695-955A-D1425ADA5F73}.Debug|Any CPU.ActiveCfg = Debug|x64
		{E4BE0AB8-BCFD-4695-955A-D1425ADA5F73}.Debug|Any CPU.Build.0 = Debug|x64
		{E4BE0AB8-BCFD-4695-955A-D1425ADA5F73}.Debug|x64.ActiveCfg = Debug|x64
		{E4BE0AB8-BCFD-4695-955A-D1425ADA5F73}.Debug|x64.Build.0 = Debug|x64
		{E4BE0AB8-BCFD-4695-955A-D1425ADA5F73}.Debug|x86.ActiveCfg = Debug|Win32
		{E4BE0AB8-BCFD-4695-955A-D1425ADA5F73}.Debug|x86.Build.0 = Debug|Win32
		{E4BE0AB8-BCFD-4695-955A-D1425ADA5F73}.Release|Any CPU.ActiveCfg = Release|x64
		{E4BE0AB8-BCFD-4695-955A-D1425ADA5F73}.Release|Any CPU.Build.0 = Release|x64
		{E4BE0AB8-BCFD-4695-955A-D1425ADA5F73}.Release|x64.ActiveCfg = Release|x64
		{E4BE0AB8-BCFD-4695-955A-D1425ADA5F73}.Release|x64.Build.0 = Release|x64
		{E4BE0AB8-BCFD-4695-955A-D1425ADA5F73}.Release|x86.ActiveCfg = Release|Win32
		{E4BE0AB8-BCFD-4695-955A-D1425ADA5F73}.Release|x86.Build.0 = Release|Win32
		{8396AAA0-C86D-495C-80B6-76182A177503}.Debug|Any CPU.ActiveCfg = Debug|x64
		{8396AAA0-C86D-495C-80B6-76182A177503}.Debug|Any CPU.Build.0 = Debug|x64
		{8396AAA0-C86D-495C-80B6-76182A177503}.Debug|x64.ActiveCfg = Debug|x64
		{8396AAA0-C86D-495C-80B6-76182A177503}.Debug|x64.Build.0 = Debug|x64
		{8396AAA0-C86D-495C-80B6-76182A177503}.Debug|x86.ActiveCfg = Debug|Win32
		{8396AAA0-C86D-495C-80B6-76182A177503}.Debug|x86.Build.0 = Debug|Win32
		{8396AAA0-C86D-495C-80B6-76182A177503}.Release|Any CPU.ActiveCfg = Release|x64
		{8396AAA0-C86D-495C-80B6-76182A177503}.Release|Any CPU.Build.0 = Release|x64
		{8396AAA0-C86D-495C-80B6-76182A177503}.Release|x64.ActiveCfg = Release|x64
		{8396AAA0-C86D-495C-80B6-76182A177503}.Release|x64.Build.0 = Release|x64
		{8396AAA0-C86D-495C-80B6-76182A177503}.Release|x86.ActiveCfg = Release|Win32
		{8396AAA0-C86D-495C-80B6-76182A177503}.Release|x86.Build.0 = Release|Win32
		{976AA2CB-5399-4FC5-98DB-FEDA82577131}.Debug|Any CPU.ActiveCfg = Debug|x64
		{976AA2CB-5399-4FC5-98DB-FEDA82577131}.Debug|Any CPU.Build.0 = Debug|x64
		{976AA2CB-5399-4FC5-98DB-FEDA82577131}.Debug|x64.ActiveCfg = Debug|x64
		{976AA2CB-5399-4FC5-98DB-FEDA82577131}.Debug|x64.Build.0 = Debug|x64
		{976AA2CB-5399-4FC5-98DB-FEDA82577131}.Debug|x86.ActiveCfg = Debug|Win32
		{976AA2CB-5399-4FC5-98DB-FEDA82577131}.Debug|x86.Build.0 = Debug|Win32
		{976AA2CB-5399-4FC5-98DB-FEDA82577131}.Release|Any CPU.ActiveCfg = Release|x64
		{976AA2CB-5399-4FC5-98DB-FEDA82577131}.Release|Any CPU.Build.0 = Release|x64
		{976AA2CB-5399-4FC5-98DB-FEDA82577131}.Release|x64.ActiveCfg = Release|x64
		{976AA2CB-5399-4FC5-98DB-FEDA82577131}.Release|x64.Build.0 = Release|x64
		{976AA2CB-5399-4FC5-98DB-FEDA82577131}.Release|x86.ActiveCfg = Release|Win32
		{976AA2CB-5399-4FC5-98DB-FEDA82577131}.Release|x86.Build.0 = Release|Win32
		{F3B9D326-4903-4C42-A154-3482E1C9E070}.Debug|Any CPU.ActiveCfg = Debug|x64
		{F3B9D326-4903-4C42-A154-3482E1C9E070}.Debug|Any CPU.Build.0 = Debug|x64
		{F3B9D326-4903-4C42-A154-3482E1C9E070}.Debug|x64.ActiveCfg = Debug|x64
		{F3B9D326-4903-4C42-A154-3482E1C9E070}.Debug|x64.Build.0 = Debug|x64
		{F3B9D326-4903-4C42-A154-3482E1C9E070}.Debug|x86.ActiveCfg = Debug|Win32
		{F3B9D326-4903-4C42-A154-3482E1C9E070}.Debug|x86.Build.0 = Debug|Win32
		{F3B9D326-4903-4C42-A154-3482E1C9E070}.Release|Any CPU.ActiveCfg = Release|x64
		{F3B9D326-4903-4C42-A154-3482E1C9E070}.Release|Any CPU.Build.0 = Release|x64
		{F3B9D326-4903-4C42-A154-3482E1C9E070}.Release|x64.ActiveCfg = Release|x64
		{F3B9D326-4903-4C42-A154-3482E1C9E070}.Release|x64.Build.0 = Release|x64
		{F3B9D326-4903-4C42-A154-3482E1C9E070}.Release|x86.ActiveCfg = Release|Win32
		{F3B9D326-4903-4C42-A154-3482E1C9E070}.Release|x86.Build.0 = Release|Win32
		{D86E914E-23C6-418D-95E4-30EC8DC28F0B}.Debug|Any CPU.ActiveCfg = Debug|x64
		{D86E914E-23C6-418D-95E4-30EC8DC28F0B}.Debug|Any CPU.Build.0 = Debug|x64
		{D86E914E-23C6-418D-95E4-30EC8DC28F0B}.Debug|x64.ActiveCfg = Debug|x64
		{D86E914E-23C6-418D-95E4-30EC8DC28F0B}.Debug|x64.Build.0 = Debug|x64
		{D86E914E-23C6-418D-95E4-30EC8DC28F0B}.Debug|x86.ActiveCfg = Debug|Win32
		{D86E914E-23C6-418D-95E4-30EC8DC28F0B}.Debug|x86.Build.0 = Debug|Win32
		{D86E914E-23C6-418D-95E4-30EC8DC28F0B}.Release|Any CPU.ActiveCfg = Release|x64
		{D86E914E-23C6-418D-95E4-30EC8DC28F0B}.Release|Any CPU.Build.0 = Release|x64
		{D86E914E-23C6-418D-95E4-30EC8DC28F0B}.Release|x64.ActiveCfg = Release|x64
		{D86E914E-23C6-418D-95E4-30EC8DC28F0B}.Release|x64.Build.0 = Release|x64
		{D86E914E-23C6-418D-95E4-30EC8DC28F0B}.Release|x86.ActiveCfg = Release|Win32
		{D86E914E-23C6-418D-95E4-30EC8DC28F0B}.Release|x86.Build.0 = Release|Win32
		{67823333-1B5B-3D99-808E-0580E46F7D96}.Debug|Any CPU.ActiveCfg = Debug|x64
		{67823333-1B5B-3D99-808E-0580E46F7D96}.Debug|Any CPU.Build.0 = Debug|x64
		{67823333-1B5B-3D99-808E-0580E46F7D96}.Debug|x64.ActiveCfg = Debug|x64
		{67823333-1B5B-3D99-808E-0580E46F7D96}.Debug|x64.Build.0 = Debug|x64
		{67823333-1B5B-3D99-808E-0580E46F7D96}.Debug|x86.ActiveCfg = Debug|Win32
		{67823333-1B5B-3D99-808E-0580E46F7D96}.Debug|x86.Build.0 = Debug|Win32
		{67823333-1B5B-3D99-808E-0580E46F7D96}.Release|Any CPU.ActiveCfg = Release|x64
		{67823333-1B5B-3D99-808E-0580E46F7D96}.Release|Any CPU.Build.0 = Release|x64
		{67823333-1B5B-3D99-808E-0580E46F7D96}.Release|x64.ActiveCfg = Release|x64
		{67823333-1B5B-3D99-808E-0580E46F7D96}.Release|x64.Build.0 = Release|x64
		{67823333-1B5B-3D99-808E-0580E46F7D96}.Release|x86.ActiveCfg = Release|Win32
		{67823333-1B5B-3D99-808E-0580E46F7D96}.Release|x86.Build.0 = Release|Win32
		{0C357242-7993-4722-8392-B51869DD0F9A}.Debug|Any CPU.ActiveCfg = Debug|x64
		{0C357242-7993-4722-8392-B51869DD0F9A}.Debug|Any CPU.Build.0 = Debug|x64
		{0C357242-7993-4722-8392-B51869DD0F9A}.Debug|x64.ActiveCfg = Debug|x64
		{0C357242-7993-4722-8392-B51869DD0F9A}.Debug|x64.Build.0 = Debug|x64
		{0C357242-7993-4722-8392-B51869DD0F9A}.Debug|x86.ActiveCfg = Debug|Win32
		{0C357242-7993-4722-8392-B51869DD0F9A}.Debug|x86.Build.0 = Debug|Win32
		{0C357242-7993-4722-8392-B51869DD0F9A}.Release|Any CPU.ActiveCfg = Release|x64
		{0C357242-7993-4722-8392-B51869DD0F9A}.Release|Any CPU.Build.0 = Release|x64
		{0C357242-7993-4722-8392-B51869DD0F9A}.Release|x64.ActiveCfg = Release|x64
		{0C357242-7993-4722-8392-B51869DD0F9A}.Release|x64.Build.0 = Release|x64
		{0C357242-7993-4722-8392-B51869DD0F9A}.Release|x86.ActiveCfg = Release|Win32
		{0C357242-7993-4722-8392-B51869DD0F9A}.Release|x86.Build.0 = Release|Win32
		{40967D14-DCA6-4C71-A3D4-B3434F526511}.Debug|Any CPU.ActiveCfg = Debug|Any CPU
		{40967D14-DCA6-4C71-A3D4-B3434F526511}.Debug|Any CPU.Build.0 = Debug|Any CPU
		{40967D14-DCA6-4C71-A3D4-B3434F526511}.Debug|x64.ActiveCfg = Debug|x64
		{40967D14-DCA6-4C71-A3D4-B3434F526511}.Debug|x64.Build.0 = Debug|x64
		{40967D14-DCA6-4C71-A3D4-B3434F526511}.Debug|x86.ActiveCfg = Debug|x86
		{40967D14-DCA6-4C71-A3D4-B3434F526511}.Debug|x86.Build.0 = Debug|x86
		{40967D14-DCA6-4C71-A3D4-B3434F526511}.Release|Any CPU.ActiveCfg = Release|Any CPU
		{40967D14-DCA6-4C71-A3D4-B3434F526511}.Release|Any CPU.Build.0 = Release|Any CPU
		{40967D14-DCA6-4C71-A3D4-B3434F526511}.Release|x64.ActiveCfg = Release|x64
		{40967D14-DCA6-4C71-A3D4-B3434F526511}.Release|x64.Build.0 = Release|x64
		{40967D14-DCA6-4C71-A3D4-B3434F526511}.Release|x86.ActiveCfg = Release|x86
		{40967D14-DCA6-4C71-A3D4-B3434F526511}.Release|x86.Build.0 = Release|x86
		{0A9A6942-2221-4F30-B796-AB25016000A0}.Debug|Any CPU.ActiveCfg = Debug|x64
		{0A9A6942-2221-4F30-B796-AB25016000A0}.Debug|Any CPU.Build.0 = Debug|x64
		{0A9A6942-2221-4F30-B796-AB25016000A0}.Debug|x64.ActiveCfg = Debug|x64
		{0A9A6942-2221-4F30-B796-AB25016000A0}.Debug|x64.Build.0 = Debug|x64
		{0A9A6942-2221-4F30-B796-AB25016000A0}.Debug|x86.ActiveCfg = Debug|x86
		{0A9A6942-2221-4F30-B796-AB25016000A0}.Debug|x86.Build.0 = Debug|x86
		{0A9A6942-2221-4F30-B796-AB25016000A0}.Release|Any CPU.ActiveCfg = Release|Any CPU
		{0A9A6942-2221-4F30-B796-AB25016000A0}.Release|Any CPU.Build.0 = Release|Any CPU
		{0A9A6942-2221-4F30-B796-AB25016000A0}.Release|x64.ActiveCfg = Release|x64
		{0A9A6942-2221-4F30-B796-AB25016000A0}.Release|x64.Build.0 = Release|x64
		{0A9A6942-2221-4F30-B796-AB25016000A0}.Release|x86.ActiveCfg = Release|x86
		{0A9A6942-2221-4F30-B796-AB25016000A0}.Release|x86.Build.0 = Release|x86
		{FAE63708-9EDB-4391-82BE-3D6C13CD184A}.Debug|Any CPU.ActiveCfg = Debug|Any CPU
		{FAE63708-9EDB-4391-82BE-3D6C13CD184A}.Debug|Any CPU.Build.0 = Debug|Any CPU
		{FAE63708-9EDB-4391-82BE-3D6C13CD184A}.Debug|x64.ActiveCfg = Debug|x64
		{FAE63708-9EDB-4391-82BE-3D6C13CD184A}.Debug|x64.Build.0 = Debug|x64
		{FAE63708-9EDB-4391-82BE-3D6C13CD184A}.Debug|x86.ActiveCfg = Debug|x86
		{FAE63708-9EDB-4391-82BE-3D6C13CD184A}.Debug|x86.Build.0 = Debug|x86
		{FAE63708-9EDB-4391-82BE-3D6C13CD184A}.Release|Any CPU.ActiveCfg = Release|Any CPU
		{FAE63708-9EDB-4391-82BE-3D6C13CD184A}.Release|Any CPU.Build.0 = Release|Any CPU
		{FAE63708-9EDB-4391-82BE-3D6C13CD184A}.Release|x64.ActiveCfg = Release|x64
		{FAE63708-9EDB-4391-82BE-3D6C13CD184A}.Release|x64.Build.0 = Release|x64
		{FAE63708-9EDB-4391-82BE-3D6C13CD184A}.Release|x86.ActiveCfg = Release|x86
		{FAE63708-9EDB-4391-82BE-3D6C13CD184A}.Release|x86.Build.0 = Release|x86
		{E212BF06-E6A1-4E40-8797-F951FDA82F1C}.Debug|Any CPU.ActiveCfg = Debug|Any CPU
		{E212BF06-E6A1-4E40-8797-F951FDA82F1C}.Debug|Any CPU.Build.0 = Debug|Any CPU
		{E212BF06-E6A1-4E40-8797-F951FDA82F1C}.Debug|x64.ActiveCfg = Debug|x64
		{E212BF06-E6A1-4E40-8797-F951FDA82F1C}.Debug|x64.Build.0 = Debug|x64
		{E212BF06-E6A1-4E40-8797-F951FDA82F1C}.Debug|x86.ActiveCfg = Debug|x86
		{E212BF06-E6A1-4E40-8797-F951FDA82F1C}.Debug|x86.Build.0 = Debug|x86
		{E212BF06-E6A1-4E40-8797-F951FDA82F1C}.Release|Any CPU.ActiveCfg = Release|Any CPU
		{E212BF06-E6A1-4E40-8797-F951FDA82F1C}.Release|Any CPU.Build.0 = Release|Any CPU
		{E212BF06-E6A1-4E40-8797-F951FDA82F1C}.Release|x64.ActiveCfg = Release|x64
		{E212BF06-E6A1-4E40-8797-F951FDA82F1C}.Release|x64.Build.0 = Release|x64
		{E212BF06-E6A1-4E40-8797-F951FDA82F1C}.Release|x86.ActiveCfg = Release|x86
		{E212BF06-E6A1-4E40-8797-F951FDA82F1C}.Release|x86.Build.0 = Release|x86
		{202B51BF-6FDE-4E5F-B8F5-6AA2643FB792}.Debug|Any CPU.ActiveCfg = Debug|Any CPU
		{202B51BF-6FDE-4E5F-B8F5-6AA2643FB792}.Debug|Any CPU.Build.0 = Debug|Any CPU
		{202B51BF-6FDE-4E5F-B8F5-6AA2643FB792}.Debug|x64.ActiveCfg = Debug|x64
		{202B51BF-6FDE-4E5F-B8F5-6AA2643FB792}.Debug|x64.Build.0 = Debug|x64
		{202B51BF-6FDE-4E5F-B8F5-6AA2643FB792}.Debug|x86.ActiveCfg = Debug|x86
		{202B51BF-6FDE-4E5F-B8F5-6AA2643FB792}.Debug|x86.Build.0 = Debug|x86
		{202B51BF-6FDE-4E5F-B8F5-6AA2643FB792}.Release|Any CPU.ActiveCfg = Release|Any CPU
		{202B51BF-6FDE-4E5F-B8F5-6AA2643FB792}.Release|Any CPU.Build.0 = Release|Any CPU
		{202B51BF-6FDE-4E5F-B8F5-6AA2643FB792}.Release|x64.ActiveCfg = Release|x64
		{202B51BF-6FDE-4E5F-B8F5-6AA2643FB792}.Release|x64.Build.0 = Release|x64
		{202B51BF-6FDE-4E5F-B8F5-6AA2643FB792}.Release|x86.ActiveCfg = Release|x86
		{202B51BF-6FDE-4E5F-B8F5-6AA2643FB792}.Release|x86.Build.0 = Release|x86
		{B3ABDC9C-3143-4E76-8D0F-A5DAEB7B4DA9}.Debug|Any CPU.ActiveCfg = Debug|Any CPU
		{B3ABDC9C-3143-4E76-8D0F-A5DAEB7B4DA9}.Debug|Any CPU.Build.0 = Debug|Any CPU
		{B3ABDC9C-3143-4E76-8D0F-A5DAEB7B4DA9}.Debug|x64.ActiveCfg = Debug|x64
		{B3ABDC9C-3143-4E76-8D0F-A5DAEB7B4DA9}.Debug|x64.Build.0 = Debug|x64
		{B3ABDC9C-3143-4E76-8D0F-A5DAEB7B4DA9}.Debug|x86.ActiveCfg = Debug|x86
		{B3ABDC9C-3143-4E76-8D0F-A5DAEB7B4DA9}.Debug|x86.Build.0 = Debug|x86
		{B3ABDC9C-3143-4E76-8D0F-A5DAEB7B4DA9}.Release|Any CPU.ActiveCfg = Release|Any CPU
		{B3ABDC9C-3143-4E76-8D0F-A5DAEB7B4DA9}.Release|Any CPU.Build.0 = Release|Any CPU
		{B3ABDC9C-3143-4E76-8D0F-A5DAEB7B4DA9}.Release|x64.ActiveCfg = Release|x64
		{B3ABDC9C-3143-4E76-8D0F-A5DAEB7B4DA9}.Release|x64.Build.0 = Release|x64
		{B3ABDC9C-3143-4E76-8D0F-A5DAEB7B4DA9}.Release|x86.ActiveCfg = Release|x86
		{B3ABDC9C-3143-4E76-8D0F-A5DAEB7B4DA9}.Release|x86.Build.0 = Release|x86
		{88BB27DD-7686-4AFD-A217-143226679BAC}.Debug|Any CPU.ActiveCfg = Debug|Any CPU
		{88BB27DD-7686-4AFD-A217-143226679BAC}.Debug|Any CPU.Build.0 = Debug|Any CPU
		{88BB27DD-7686-4AFD-A217-143226679BAC}.Debug|x64.ActiveCfg = Debug|x64
		{88BB27DD-7686-4AFD-A217-143226679BAC}.Debug|x64.Build.0 = Debug|x64
		{88BB27DD-7686-4AFD-A217-143226679BAC}.Debug|x86.ActiveCfg = Debug|x86
		{88BB27DD-7686-4AFD-A217-143226679BAC}.Debug|x86.Build.0 = Debug|x86
		{88BB27DD-7686-4AFD-A217-143226679BAC}.Release|Any CPU.ActiveCfg = Release|Any CPU
		{88BB27DD-7686-4AFD-A217-143226679BAC}.Release|Any CPU.Build.0 = Release|Any CPU
		{88BB27DD-7686-4AFD-A217-143226679BAC}.Release|x64.ActiveCfg = Release|x64
		{88BB27DD-7686-4AFD-A217-143226679BAC}.Release|x64.Build.0 = Release|x64
		{88BB27DD-7686-4AFD-A217-143226679BAC}.Release|x86.ActiveCfg = Release|x86
		{88BB27DD-7686-4AFD-A217-143226679BAC}.Release|x86.Build.0 = Release|x86
		{A8655F4E-606D-46CC-B612-54DE0D060143}.Debug|Any CPU.ActiveCfg = Debug|Any CPU
		{A8655F4E-606D-46CC-B612-54DE0D060143}.Debug|Any CPU.Build.0 = Debug|Any CPU
		{A8655F4E-606D-46CC-B612-54DE0D060143}.Debug|x64.ActiveCfg = Debug|x64
		{A8655F4E-606D-46CC-B612-54DE0D060143}.Debug|x64.Build.0 = Debug|x64
		{A8655F4E-606D-46CC-B612-54DE0D060143}.Debug|x86.ActiveCfg = Debug|x86
		{A8655F4E-606D-46CC-B612-54DE0D060143}.Debug|x86.Build.0 = Debug|x86
		{A8655F4E-606D-46CC-B612-54DE0D060143}.Release|Any CPU.ActiveCfg = Release|Any CPU
		{A8655F4E-606D-46CC-B612-54DE0D060143}.Release|Any CPU.Build.0 = Release|Any CPU
		{A8655F4E-606D-46CC-B612-54DE0D060143}.Release|x64.ActiveCfg = Release|x64
		{A8655F4E-606D-46CC-B612-54DE0D060143}.Release|x64.Build.0 = Release|x64
		{A8655F4E-606D-46CC-B612-54DE0D060143}.Release|x86.ActiveCfg = Release|x86
		{A8655F4E-606D-46CC-B612-54DE0D060143}.Release|x86.Build.0 = Release|x86
		{28F41B0A-8F73-434F-A751-4A92009B108E}.Debug|Any CPU.ActiveCfg = Debug|Any CPU
		{28F41B0A-8F73-434F-A751-4A92009B108E}.Debug|Any CPU.Build.0 = Debug|Any CPU
		{28F41B0A-8F73-434F-A751-4A92009B108E}.Debug|x64.ActiveCfg = Debug|x64
		{28F41B0A-8F73-434F-A751-4A92009B108E}.Debug|x64.Build.0 = Debug|x64
		{28F41B0A-8F73-434F-A751-4A92009B108E}.Debug|x86.ActiveCfg = Debug|x86
		{28F41B0A-8F73-434F-A751-4A92009B108E}.Debug|x86.Build.0 = Debug|x86
		{28F41B0A-8F73-434F-A751-4A92009B108E}.Release|Any CPU.ActiveCfg = Release|Any CPU
		{28F41B0A-8F73-434F-A751-4A92009B108E}.Release|Any CPU.Build.0 = Release|Any CPU
		{28F41B0A-8F73-434F-A751-4A92009B108E}.Release|x64.ActiveCfg = Release|x64
		{28F41B0A-8F73-434F-A751-4A92009B108E}.Release|x64.Build.0 = Release|x64
		{28F41B0A-8F73-434F-A751-4A92009B108E}.Release|x86.ActiveCfg = Release|x86
		{28F41B0A-8F73-434F-A751-4A92009B108E}.Release|x86.Build.0 = Release|x86
		{CE1DE09B-49A8-4BE8-918D-E12471D01915}.Debug|Any CPU.ActiveCfg = Debug|Any CPU
		{CE1DE09B-49A8-4BE8-918D-E12471D01915}.Debug|Any CPU.Build.0 = Debug|Any CPU
		{CE1DE09B-49A8-4BE8-918D-E12471D01915}.Debug|x64.ActiveCfg = Debug|x64
		{CE1DE09B-49A8-4BE8-918D-E12471D01915}.Debug|x64.Build.0 = Debug|x64
		{CE1DE09B-49A8-4BE8-918D-E12471D01915}.Debug|x86.ActiveCfg = Debug|x86
		{CE1DE09B-49A8-4BE8-918D-E12471D01915}.Debug|x86.Build.0 = Debug|x86
		{CE1DE09B-49A8-4BE8-918D-E12471D01915}.Release|Any CPU.ActiveCfg = Release|Any CPU
		{CE1DE09B-49A8-4BE8-918D-E12471D01915}.Release|Any CPU.Build.0 = Release|Any CPU
		{CE1DE09B-49A8-4BE8-918D-E12471D01915}.Release|x64.ActiveCfg = Release|x64
		{CE1DE09B-49A8-4BE8-918D-E12471D01915}.Release|x64.Build.0 = Release|x64
		{CE1DE09B-49A8-4BE8-918D-E12471D01915}.Release|x86.ActiveCfg = Release|x86
		{CE1DE09B-49A8-4BE8-918D-E12471D01915}.Release|x86.Build.0 = Release|x86
		{2DA2F5F0-E397-4253-8CBE-A2C626DAC4DF}.Debug|Any CPU.ActiveCfg = Debug|Any CPU
		{2DA2F5F0-E397-4253-8CBE-A2C626DAC4DF}.Debug|Any CPU.Build.0 = Debug|Any CPU
		{2DA2F5F0-E397-4253-8CBE-A2C626DAC4DF}.Debug|x64.ActiveCfg = Debug|x64
		{2DA2F5F0-E397-4253-8CBE-A2C626DAC4DF}.Debug|x64.Build.0 = Debug|x64
		{2DA2F5F0-E397-4253-8CBE-A2C626DAC4DF}.Debug|x86.ActiveCfg = Debug|x86
		{2DA2F5F0-E397-4253-8CBE-A2C626DAC4DF}.Debug|x86.Build.0 = Debug|x86
		{2DA2F5F0-E397-4253-8CBE-A2C626DAC4DF}.Release|Any CPU.ActiveCfg = Release|Any CPU
		{2DA2F5F0-E397-4253-8CBE-A2C626DAC4DF}.Release|Any CPU.Build.0 = Release|Any CPU
		{2DA2F5F0-E397-4253-8CBE-A2C626DAC4DF}.Release|x64.ActiveCfg = Release|x64
		{2DA2F5F0-E397-4253-8CBE-A2C626DAC4DF}.Release|x64.Build.0 = Release|x64
		{2DA2F5F0-E397-4253-8CBE-A2C626DAC4DF}.Release|x86.ActiveCfg = Release|x86
		{2DA2F5F0-E397-4253-8CBE-A2C626DAC4DF}.Release|x86.Build.0 = Release|x86
	EndGlobalSection
	GlobalSection(SolutionProperties) = preSolution
		HideSolutionNode = FALSE
	EndGlobalSection
	GlobalSection(NestedProjects) = preSolution
		{A8C77A1F-DA3A-4B3E-96F2-BF085563F206} = {D8E8B730-302A-4BCC-92F1-C54B9C21AEFF}
		{52202A81-0DDD-4A05-8E05-05FF7E3497E8} = {D8E8B730-302A-4BCC-92F1-C54B9C21AEFF}
		{D83F78B2-2EC4-412C-97E1-050BB144974E} = {F8F1234A-8AE5-41A9-AD82-5D297D16FC93}
		{E4BE0AB8-BCFD-4695-955A-D1425ADA5F73} = {F8F1234A-8AE5-41A9-AD82-5D297D16FC93}
		{8396AAA0-C86D-495C-80B6-76182A177503} = {F8F1234A-8AE5-41A9-AD82-5D297D16FC93}
		{976AA2CB-5399-4FC5-98DB-FEDA82577131} = {F8F1234A-8AE5-41A9-AD82-5D297D16FC93}
		{F3B9D326-4903-4C42-A154-3482E1C9E070} = {F8F1234A-8AE5-41A9-AD82-5D297D16FC93}
		{D86E914E-23C6-418D-95E4-30EC8DC28F0B} = {F8F1234A-8AE5-41A9-AD82-5D297D16FC93}
		{E6919369-B64F-421A-999E-C7AE1C8FDC33} = {F8F1234A-8AE5-41A9-AD82-5D297D16FC93}
		{67823333-1B5B-3D99-808E-0580E46F7D96} = {E6919369-B64F-421A-999E-C7AE1C8FDC33}
		{0C357242-7993-4722-8392-B51869DD0F9A} = {E6919369-B64F-421A-999E-C7AE1C8FDC33}
		{40967D14-DCA6-4C71-A3D4-B3434F526511} = {D8E8B730-302A-4BCC-92F1-C54B9C21AEFF}
		{0A9A6942-2221-4F30-B796-AB25016000A0} = {D8E8B730-302A-4BCC-92F1-C54B9C21AEFF}
		{FAE63708-9EDB-4391-82BE-3D6C13CD184A} = {B60F51BF-E1E5-4431-ACA2-9CAF814C9AF4}
		{E212BF06-E6A1-4E40-8797-F951FDA82F1C} = {B60F51BF-E1E5-4431-ACA2-9CAF814C9AF4}
		{202B51BF-6FDE-4E5F-B8F5-6AA2643FB792} = {B60F51BF-E1E5-4431-ACA2-9CAF814C9AF4}
		{B3ABDC9C-3143-4E76-8D0F-A5DAEB7B4DA9} = {B60F51BF-E1E5-4431-ACA2-9CAF814C9AF4}
		{88BB27DD-7686-4AFD-A217-143226679BAC} = {B60F51BF-E1E5-4431-ACA2-9CAF814C9AF4}
		{A8655F4E-606D-46CC-B612-54DE0D060143} = {B60F51BF-E1E5-4431-ACA2-9CAF814C9AF4}
		{28F41B0A-8F73-434F-A751-4A92009B108E} = {B60F51BF-E1E5-4431-ACA2-9CAF814C9AF4}
		{CE1DE09B-49A8-4BE8-918D-E12471D01915} = {B60F51BF-E1E5-4431-ACA2-9CAF814C9AF4}
		{2DA2F5F0-E397-4253-8CBE-A2C626DAC4DF} = {B60F51BF-E1E5-4431-ACA2-9CAF814C9AF4}
	EndGlobalSection
	GlobalSection(ExtensibilityGlobals) = postSolution
		SolutionGuid = {40727340-5E57-4A1B-90D1-F9BFFBBE4596}
	EndGlobalSection
EndGlobal
